// !$*UTF8*$!
{
	archiveVersion = 1;
	classes = {
	};
	objectVersion = 56;
	objects = {

/* Begin PBXBuildFile section */
		B6C6569B2C651C2B00E8413E /* Fetch_ChallengeApp.swift in Sources */ = {isa = PBXBuildFile; fileRef = B6C6569A2C651C2B00E8413E /* Fetch_ChallengeApp.swift */; };
		B6C6569D2C651C2B00E8413E /* ContentView.swift in Sources */ = {isa = PBXBuildFile; fileRef = B6C6569C2C651C2B00E8413E /* ContentView.swift */; };
		B6C6569F2C651C2E00E8413E /* Assets.xcassets in Resources */ = {isa = PBXBuildFile; fileRef = B6C6569E2C651C2E00E8413E /* Assets.xcassets */; };
		B6C656A22C651C2E00E8413E /* Preview Assets.xcassets in Resources */ = {isa = PBXBuildFile; fileRef = B6C656A12C651C2E00E8413E /* Preview Assets.xcassets */; };
		B6C656AC2C651C2E00E8413E /* Fetch_ChallengeTests.swift in Sources */ = {isa = PBXBuildFile; fileRef = B6C656AB2C651C2E00E8413E /* Fetch_ChallengeTests.swift */; };
		B6C656B62C651C2E00E8413E /* Fetch_ChallengeUITests.swift in Sources */ = {isa = PBXBuildFile; fileRef = B6C656B52C651C2E00E8413E /* Fetch_ChallengeUITests.swift */; };
		B6C656B82C651C2E00E8413E /* Fetch_ChallengeUITestsLaunchTests.swift in Sources */ = {isa = PBXBuildFile; fileRef = B6C656B72C651C2E00E8413E /* Fetch_ChallengeUITestsLaunchTests.swift */; };
		B6C656C62C65270E00E8413E /* meals.swift in Sources */ = {isa = PBXBuildFile; fileRef = B6C656C52C65270E00E8413E /* meals.swift */; };
		B6C656C92C6539F600E8413E /* apiService.swift in Sources */ = {isa = PBXBuildFile; fileRef = B6C656C82C6539F600E8413E /* apiService.swift */; };
		B6C656CD2C65467000E8413E /* MealListViewModel.swift in Sources */ = {isa = PBXBuildFile; fileRef = B6C656CC2C65467000E8413E /* MealListViewModel.swift */; };
		B6C656CF2C65469200E8413E /* MealDetailViewModel.swift in Sources */ = {isa = PBXBuildFile; fileRef = B6C656CE2C65469200E8413E /* MealDetailViewModel.swift */; };
		B6C656D12C654BC900E8413E /* MealListView.swift in Sources */ = {isa = PBXBuildFile; fileRef = B6C656D02C654BC900E8413E /* MealListView.swift */; };
		B6C656D32C654BD400E8413E /* MealDetailView.swift in Sources */ = {isa = PBXBuildFile; fileRef = B6C656D22C654BD400E8413E /* MealDetailView.swift */; };
/* End PBXBuildFile section */

/* Begin PBXContainerItemProxy section */
		B6C656A82C651C2E00E8413E /* PBXContainerItemProxy */ = {
			isa = PBXContainerItemProxy;
			containerPortal = B6C6568F2C651C2B00E8413E /* Project object */;
			proxyType = 1;
			remoteGlobalIDString = B6C656962C651C2B00E8413E;
			remoteInfo = "Fetch Challenge";
		};
		B6C656B22C651C2E00E8413E /* PBXContainerItemProxy */ = {
			isa = PBXContainerItemProxy;
			containerPortal = B6C6568F2C651C2B00E8413E /* Project object */;
			proxyType = 1;
			remoteGlobalIDString = B6C656962C651C2B00E8413E;
			remoteInfo = "Fetch Challenge";
		};
/* End PBXContainerItemProxy section */

/* Begin PBXFileReference section */
		B6C656972C651C2B00E8413E /* Fetch Challenge.app */ = {isa = PBXFileReference; explicitFileType = wrapper.application; includeInIndex = 0; path = "Fetch Challenge.app"; sourceTree = BUILT_PRODUCTS_DIR; };
		B6C6569A2C651C2B00E8413E /* Fetch_ChallengeApp.swift */ = {isa = PBXFileReference; lastKnownFileType = sourcecode.swift; path = Fetch_ChallengeApp.swift; sourceTree = "<group>"; };
		B6C6569C2C651C2B00E8413E /* ContentView.swift */ = {isa = PBXFileReference; lastKnownFileType = sourcecode.swift; path = ContentView.swift; sourceTree = "<group>"; };
		B6C6569E2C651C2E00E8413E /* Assets.xcassets */ = {isa = PBXFileReference; lastKnownFileType = folder.assetcatalog; path = Assets.xcassets; sourceTree = "<group>"; };
		B6C656A12C651C2E00E8413E /* Preview Assets.xcassets */ = {isa = PBXFileReference; lastKnownFileType = folder.assetcatalog; path = "Preview Assets.xcassets"; sourceTree = "<group>"; };
		B6C656A72C651C2E00E8413E /* Fetch ChallengeTests.xctest */ = {isa = PBXFileReference; explicitFileType = wrapper.cfbundle; includeInIndex = 0; path = "Fetch ChallengeTests.xctest"; sourceTree = BUILT_PRODUCTS_DIR; };
		B6C656AB2C651C2E00E8413E /* Fetch_ChallengeTests.swift */ = {isa = PBXFileReference; lastKnownFileType = sourcecode.swift; path = Fetch_ChallengeTests.swift; sourceTree = "<group>"; };
		B6C656B12C651C2E00E8413E /* Fetch ChallengeUITests.xctest */ = {isa = PBXFileReference; explicitFileType = wrapper.cfbundle; includeInIndex = 0; path = "Fetch ChallengeUITests.xctest"; sourceTree = BUILT_PRODUCTS_DIR; };
		B6C656B52C651C2E00E8413E /* Fetch_ChallengeUITests.swift */ = {isa = PBXFileReference; lastKnownFileType = sourcecode.swift; path = Fetch_ChallengeUITests.swift; sourceTree = "<group>"; };
		B6C656B72C651C2E00E8413E /* Fetch_ChallengeUITestsLaunchTests.swift */ = {isa = PBXFileReference; lastKnownFileType = sourcecode.swift; path = Fetch_ChallengeUITestsLaunchTests.swift; sourceTree = "<group>"; };
		B6C656C52C65270E00E8413E /* meals.swift */ = {isa = PBXFileReference; lastKnownFileType = sourcecode.swift; path = meals.swift; sourceTree = "<group>"; };
		B6C656C82C6539F600E8413E /* apiService.swift */ = {isa = PBXFileReference; lastKnownFileType = sourcecode.swift; path = apiService.swift; sourceTree = "<group>"; };
		B6C656CC2C65467000E8413E /* MealListViewModel.swift */ = {isa = PBXFileReference; lastKnownFileType = sourcecode.swift; path = MealListViewModel.swift; sourceTree = "<group>"; };
		B6C656CE2C65469200E8413E /* MealDetailViewModel.swift */ = {isa = PBXFileReference; lastKnownFileType = sourcecode.swift; path = MealDetailViewModel.swift; sourceTree = "<group>"; };
		B6C656D02C654BC900E8413E /* MealListView.swift */ = {isa = PBXFileReference; lastKnownFileType = sourcecode.swift; path = MealListView.swift; sourceTree = "<group>"; };
		B6C656D22C654BD400E8413E /* MealDetailView.swift */ = {isa = PBXFileReference; lastKnownFileType = sourcecode.swift; path = MealDetailView.swift; sourceTree = "<group>"; };
/* End PBXFileReference section */

/* Begin PBXFrameworksBuildPhase section */
		B6C656942C651C2B00E8413E /* Frameworks */ = {
			isa = PBXFrameworksBuildPhase;
			buildActionMask = 2147483647;
			files = (
			);
			runOnlyForDeploymentPostprocessing = 0;
		};
		B6C656A42C651C2E00E8413E /* Frameworks */ = {
			isa = PBXFrameworksBuildPhase;
			buildActionMask = 2147483647;
			files = (
			);
			runOnlyForDeploymentPostprocessing = 0;
		};
		B6C656AE2C651C2E00E8413E /* Frameworks */ = {
			isa = PBXFrameworksBuildPhase;
			buildActionMask = 2147483647;
			files = (
			);
			runOnlyForDeploymentPostprocessing = 0;
		};
/* End PBXFrameworksBuildPhase section */

/* Begin PBXGroup section */
		B6C6568E2C651C2B00E8413E = {
			isa = PBXGroup;
			children = (
				B6C656992C651C2B00E8413E /* FetchChallenge */,
				B6C656AA2C651C2E00E8413E /* Fetch ChallengeTests */,
				B6C656B42C651C2E00E8413E /* Fetch ChallengeUITests */,
				B6C656982C651C2B00E8413E /* Products */,
			);
			sourceTree = "<group>";
		};
		B6C656982C651C2B00E8413E /* Products */ = {
			isa = PBXGroup;
			children = (
				B6C656972C651C2B00E8413E /* Fetch Challenge.app */,
				B6C656A72C651C2E00E8413E /* Fetch ChallengeTests.xctest */,
				B6C656B12C651C2E00E8413E /* Fetch ChallengeUITests.xctest */,
			);
			name = Products;
			sourceTree = "<group>";
		};
		B6C656992C651C2B00E8413E /* FetchChallenge */ = {
			isa = PBXGroup;
			children = (
				B6C6569A2C651C2B00E8413E /* Fetch_ChallengeApp.swift */,
				B6C656CB2C6545D200E8413E /* API */,
				B6C656CA2C65459200E8413E /* ViewModel */,
				B6C656C72C65388C00E8413E /* View */,
				B6C656C42C6526C600E8413E /* MealsModel */,
				B6C6569E2C651C2E00E8413E /* Assets.xcassets */,
				B6C656A02C651C2E00E8413E /* Preview Content */,
			);
			path = FetchChallenge;
			sourceTree = "<group>";
		};
		B6C656A02C651C2E00E8413E /* Preview Content */ = {
			isa = PBXGroup;
			children = (
				B6C656A12C651C2E00E8413E /* Preview Assets.xcassets */,
			);
			path = "Preview Content";
			sourceTree = "<group>";
		};
		B6C656AA2C651C2E00E8413E /* Fetch ChallengeTests */ = {
			isa = PBXGroup;
			children = (
				B6C656AB2C651C2E00E8413E /* Fetch_ChallengeTests.swift */,
			);
			path = "Fetch ChallengeTests";
			sourceTree = "<group>";
		};
		B6C656B42C651C2E00E8413E /* Fetch ChallengeUITests */ = {
			isa = PBXGroup;
			children = (
				B6C656B52C651C2E00E8413E /* Fetch_ChallengeUITests.swift */,
				B6C656B72C651C2E00E8413E /* Fetch_ChallengeUITestsLaunchTests.swift */,
			);
			path = "Fetch ChallengeUITests";
			sourceTree = "<group>";
		};
		B6C656C42C6526C600E8413E /* MealsModel */ = {
			isa = PBXGroup;
			children = (
				B6C656C52C65270E00E8413E /* meals.swift */,
			);
			path = MealsModel;
			sourceTree = "<group>";
		};
		B6C656C72C65388C00E8413E /* View */ = {
			isa = PBXGroup;
			children = (
				B6C656D02C654BC900E8413E /* MealListView.swift */,
				B6C656D22C654BD400E8413E /* MealDetailView.swift */,
				B6C6569C2C651C2B00E8413E /* ContentView.swift */,
			);
			path = View;
			sourceTree = "<group>";
		};
		B6C656CA2C65459200E8413E /* ViewModel */ = {
			isa = PBXGroup;
			children = (
				B6C656CC2C65467000E8413E /* MealListViewModel.swift */,
				B6C656CE2C65469200E8413E /* MealDetailViewModel.swift */,
			);
			path = ViewModel;
			sourceTree = "<group>";
		};
		B6C656CB2C6545D200E8413E /* API */ = {
			isa = PBXGroup;
			children = (
				B6C656C82C6539F600E8413E /* apiService.swift */,
			);
			path = API;
			sourceTree = "<group>";
		};
/* End PBXGroup section */

/* Begin PBXNativeTarget section */
		B6C656962C651C2B00E8413E /* Fetch Challenge */ = {
			isa = PBXNativeTarget;
			buildConfigurationList = B6C656BB2C651C2E00E8413E /* Build configuration list for PBXNativeTarget "Fetch Challenge" */;
			buildPhases = (
				B6C656932C651C2B00E8413E /* Sources */,
				B6C656942C651C2B00E8413E /* Frameworks */,
				B6C656952C651C2B00E8413E /* Resources */,
			);
			buildRules = (
			);
			dependencies = (
			);
			name = "Fetch Challenge";
			productName = "Fetch Challenge";
			productReference = B6C656972C651C2B00E8413E /* Fetch Challenge.app */;
			productType = "com.apple.product-type.application";
		};
		B6C656A62C651C2E00E8413E /* Fetch ChallengeTests */ = {
			isa = PBXNativeTarget;
			buildConfigurationList = B6C656BE2C651C2E00E8413E /* Build configuration list for PBXNativeTarget "Fetch ChallengeTests" */;
			buildPhases = (
				B6C656A32C651C2E00E8413E /* Sources */,
				B6C656A42C651C2E00E8413E /* Frameworks */,
				B6C656A52C651C2E00E8413E /* Resources */,
			);
			buildRules = (
			);
			dependencies = (
				B6C656A92C651C2E00E8413E /* PBXTargetDependency */,
			);
			name = "Fetch ChallengeTests";
			productName = "Fetch ChallengeTests";
			productReference = B6C656A72C651C2E00E8413E /* Fetch ChallengeTests.xctest */;
			productType = "com.apple.product-type.bundle.unit-test";
		};
		B6C656B02C651C2E00E8413E /* Fetch ChallengeUITests */ = {
			isa = PBXNativeTarget;
			buildConfigurationList = B6C656C12C651C2E00E8413E /* Build configuration list for PBXNativeTarget "Fetch ChallengeUITests" */;
			buildPhases = (
				B6C656AD2C651C2E00E8413E /* Sources */,
				B6C656AE2C651C2E00E8413E /* Frameworks */,
				B6C656AF2C651C2E00E8413E /* Resources */,
			);
			buildRules = (
			);
			dependencies = (
				B6C656B32C651C2E00E8413E /* PBXTargetDependency */,
			);
			name = "Fetch ChallengeUITests";
			productName = "Fetch ChallengeUITests";
			productReference = B6C656B12C651C2E00E8413E /* Fetch ChallengeUITests.xctest */;
			productType = "com.apple.product-type.bundle.ui-testing";
		};
/* End PBXNativeTarget section */

/* Begin PBXProject section */
		B6C6568F2C651C2B00E8413E /* Project object */ = {
			isa = PBXProject;
			attributes = {
				BuildIndependentTargetsInParallel = 1;
				LastSwiftUpdateCheck = 1540;
				LastUpgradeCheck = 1540;
				TargetAttributes = {
					B6C656962C651C2B00E8413E = {
						CreatedOnToolsVersion = 15.4;
					};
					B6C656A62C651C2E00E8413E = {
						CreatedOnToolsVersion = 15.4;
						TestTargetID = B6C656962C651C2B00E8413E;
					};
					B6C656B02C651C2E00E8413E = {
						CreatedOnToolsVersion = 15.4;
						TestTargetID = B6C656962C651C2B00E8413E;
					};
				};
			};
			buildConfigurationList = B6C656922C651C2B00E8413E /* Build configuration list for PBXProject "FetchChallenge" */;
			compatibilityVersion = "Xcode 14.0";
			developmentRegion = en;
			hasScannedForEncodings = 0;
			knownRegions = (
				en,
				Base,
			);
			mainGroup = B6C6568E2C651C2B00E8413E;
			productRefGroup = B6C656982C651C2B00E8413E /* Products */;
			projectDirPath = "";
			projectRoot = "";
			targets = (
				B6C656962C651C2B00E8413E /* Fetch Challenge */,
				B6C656A62C651C2E00E8413E /* Fetch ChallengeTests */,
				B6C656B02C651C2E00E8413E /* Fetch ChallengeUITests */,
			);
		};
/* End PBXProject section */

/* Begin PBXResourcesBuildPhase section */
		B6C656952C651C2B00E8413E /* Resources */ = {
			isa = PBXResourcesBuildPhase;
			buildActionMask = 2147483647;
			files = (
				B6C656A22C651C2E00E8413E /* Preview Assets.xcassets in Resources */,
				B6C6569F2C651C2E00E8413E /* Assets.xcassets in Resources */,
			);
			runOnlyForDeploymentPostprocessing = 0;
		};
		B6C656A52C651C2E00E8413E /* Resources */ = {
			isa = PBXResourcesBuildPhase;
			buildActionMask = 2147483647;
			files = (
			);
			runOnlyForDeploymentPostprocessing = 0;
		};
		B6C656AF2C651C2E00E8413E /* Resources */ = {
			isa = PBXResourcesBuildPhase;
			buildActionMask = 2147483647;
			files = (
			);
			runOnlyForDeploymentPostprocessing = 0;
		};
/* End PBXResourcesBuildPhase section */

/* Begin PBXSourcesBuildPhase section */
		B6C656932C651C2B00E8413E /* Sources */ = {
			isa = PBXSourcesBuildPhase;
			buildActionMask = 2147483647;
			files = (
				B6C6569D2C651C2B00E8413E /* ContentView.swift in Sources */,
				B6C6569B2C651C2B00E8413E /* Fetch_ChallengeApp.swift in Sources */,
				B6C656C92C6539F600E8413E /* apiService.swift in Sources */,
				B6C656C62C65270E00E8413E /* meals.swift in Sources */,
				B6C656D32C654BD400E8413E /* MealDetailView.swift in Sources */,
				B6C656CF2C65469200E8413E /* MealDetailViewModel.swift in Sources */,
				B6C656D12C654BC900E8413E /* MealListView.swift in Sources */,
				B6C656CD2C65467000E8413E /* MealListViewModel.swift in Sources */,
			);
			runOnlyForDeploymentPostprocessing = 0;
		};
		B6C656A32C651C2E00E8413E /* Sources */ = {
			isa = PBXSourcesBuildPhase;
			buildActionMask = 2147483647;
			files = (
				B6C656AC2C651C2E00E8413E /* Fetch_ChallengeTests.swift in Sources */,
			);
			runOnlyForDeploymentPostprocessing = 0;
		};
		B6C656AD2C651C2E00E8413E /* Sources */ = {
			isa = PBXSourcesBuildPhase;
			buildActionMask = 2147483647;
			files = (
				B6C656B62C651C2E00E8413E /* Fetch_ChallengeUITests.swift in Sources */,
				B6C656B82C651C2E00E8413E /* Fetch_ChallengeUITestsLaunchTests.swift in Sources */,
			);
			runOnlyForDeploymentPostprocessing = 0;
		};
/* End PBXSourcesBuildPhase section */

/* Begin PBXTargetDependency section */
		B6C656A92C651C2E00E8413E /* PBXTargetDependency */ = {
			isa = PBXTargetDependency;
			target = B6C656962C651C2B00E8413E /* Fetch Challenge */;
			targetProxy = B6C656A82C651C2E00E8413E /* PBXContainerItemProxy */;
		};
		B6C656B32C651C2E00E8413E /* PBXTargetDependency */ = {
			isa = PBXTargetDependency;
			target = B6C656962C651C2B00E8413E /* Fetch Challenge */;
			targetProxy = B6C656B22C651C2E00E8413E /* PBXContainerItemProxy */;
		};
/* End PBXTargetDependency section */

/* Begin XCBuildConfiguration section */
		B6C656B92C651C2E00E8413E /* Debug */ = {
			isa = XCBuildConfiguration;
			buildSettings = {
				ALWAYS_SEARCH_USER_PATHS = NO;
				ASSETCATALOG_COMPILER_GENERATE_SWIFT_ASSET_SYMBOL_EXTENSIONS = YES;
				CLANG_ANALYZER_NONNULL = YES;
				CLANG_ANALYZER_NUMBER_OBJECT_CONVERSION = YES_AGGRESSIVE;
				CLANG_CXX_LANGUAGE_STANDARD = "gnu++20";
				CLANG_ENABLE_MODULES = YES;
				CLANG_ENABLE_OBJC_ARC = YES;
				CLANG_ENABLE_OBJC_WEAK = YES;
				CLANG_WARN_BLOCK_CAPTURE_AUTORELEASING = YES;
				CLANG_WARN_BOOL_CONVERSION = YES;
				CLANG_WARN_COMMA = YES;
				CLANG_WARN_CONSTANT_CONVERSION = YES;
				CLANG_WARN_DEPRECATED_OBJC_IMPLEMENTATIONS = YES;
				CLANG_WARN_DIRECT_OBJC_ISA_USAGE = YES_ERROR;
				CLANG_WARN_DOCUMENTATION_COMMENTS = YES;
				CLANG_WARN_EMPTY_BODY = YES;
				CLANG_WARN_ENUM_CONVERSION = YES;
				CLANG_WARN_INFINITE_RECURSION = YES;
				CLANG_WARN_INT_CONVERSION = YES;
				CLANG_WARN_NON_LITERAL_NULL_CONVERSION = YES;
				CLANG_WARN_OBJC_IMPLICIT_RETAIN_SELF = YES;
				CLANG_WARN_OBJC_LITERAL_CONVERSION = YES;
				CLANG_WARN_OBJC_ROOT_CLASS = YES_ERROR;
				CLANG_WARN_QUOTED_INCLUDE_IN_FRAMEWORK_HEADER = YES;
				CLANG_WARN_RANGE_LOOP_ANALYSIS = YES;
				CLANG_WARN_STRICT_PROTOTYPES = YES;
				CLANG_WARN_SUSPICIOUS_MOVE = YES;
				CLANG_WARN_UNGUARDED_AVAILABILITY = YES_AGGRESSIVE;
				CLANG_WARN_UNREACHABLE_CODE = YES;
				CLANG_WARN__DUPLICATE_METHOD_MATCH = YES;
				COPY_PHASE_STRIP = NO;
				DEBUG_INFORMATION_FORMAT = dwarf;
				ENABLE_STRICT_OBJC_MSGSEND = YES;
				ENABLE_TESTABILITY = YES;
				ENABLE_USER_SCRIPT_SANDBOXING = YES;
				GCC_C_LANGUAGE_STANDARD = gnu17;
				GCC_DYNAMIC_NO_PIC = NO;
				GCC_NO_COMMON_BLOCKS = YES;
				GCC_OPTIMIZATION_LEVEL = 0;
				GCC_PREPROCESSOR_DEFINITIONS = (
					"DEBUG=1",
					"$(inherited)",
				);
				GCC_WARN_64_TO_32_BIT_CONVERSION = YES;
				GCC_WARN_ABOUT_RETURN_TYPE = YES_ERROR;
				GCC_WARN_UNDECLARED_SELECTOR = YES;
				GCC_WARN_UNINITIALIZED_AUTOS = YES_AGGRESSIVE;
				GCC_WARN_UNUSED_FUNCTION = YES;
				GCC_WARN_UNUSED_VARIABLE = YES;
				IPHONEOS_DEPLOYMENT_TARGET = 17.5;
				LOCALIZATION_PREFERS_STRING_CATALOGS = YES;
				MTL_ENABLE_DEBUG_INFO = INCLUDE_SOURCE;
				MTL_FAST_MATH = YES;
				ONLY_ACTIVE_ARCH = YES;
				SDKROOT = iphoneos;
				SWIFT_ACTIVE_COMPILATION_CONDITIONS = "DEBUG $(inherited)";
				SWIFT_OPTIMIZATION_LEVEL = "-Onone";
			};
			name = Debug;
		};
		B6C656BA2C651C2E00E8413E /* Release */ = {
			isa = XCBuildConfiguration;
			buildSettings = {
				ALWAYS_SEARCH_USER_PATHS = NO;
				ASSETCATALOG_COMPILER_GENERATE_SWIFT_ASSET_SYMBOL_EXTENSIONS = YES;
				CLANG_ANALYZER_NONNULL = YES;
				CLANG_ANALYZER_NUMBER_OBJECT_CONVERSION = YES_AGGRESSIVE;
				CLANG_CXX_LANGUAGE_STANDARD = "gnu++20";
				CLANG_ENABLE_MODULES = YES;
				CLANG_ENABLE_OBJC_ARC = YES;
				CLANG_ENABLE_OBJC_WEAK = YES;
				CLANG_WARN_BLOCK_CAPTURE_AUTORELEASING = YES;
				CLANG_WARN_BOOL_CONVERSION = YES;
				CLANG_WARN_COMMA = YES;
				CLANG_WARN_CONSTANT_CONVERSION = YES;
				CLANG_WARN_DEPRECATED_OBJC_IMPLEMENTATIONS = YES;
				CLANG_WARN_DIRECT_OBJC_ISA_USAGE = YES_ERROR;
				CLANG_WARN_DOCUMENTATION_COMMENTS = YES;
				CLANG_WARN_EMPTY_BODY = YES;
				CLANG_WARN_ENUM_CONVERSION = YES;
				CLANG_WARN_INFINITE_RECURSION = YES;
				CLANG_WARN_INT_CONVERSION = YES;
				CLANG_WARN_NON_LITERAL_NULL_CONVERSION = YES;
				CLANG_WARN_OBJC_IMPLICIT_RETAIN_SELF = YES;
				CLANG_WARN_OBJC_LITERAL_CONVERSION = YES;
				CLANG_WARN_OBJC_ROOT_CLASS = YES_ERROR;
				CLANG_WARN_QUOTED_INCLUDE_IN_FRAMEWORK_HEADER = YES;
				CLANG_WARN_RANGE_LOOP_ANALYSIS = YES;
				CLANG_WARN_STRICT_PROTOTYPES = YES;
				CLANG_WARN_SUSPICIOUS_MOVE = YES;
				CLANG_WARN_UNGUARDED_AVAILABILITY = YES_AGGRESSIVE;
				CLANG_WARN_UNREACHABLE_CODE = YES;
				CLANG_WARN__DUPLICATE_METHOD_MATCH = YES;
				COPY_PHASE_STRIP = NO;
				DEBUG_INFORMATION_FORMAT = "dwarf-with-dsym";
				ENABLE_NS_ASSERTIONS = NO;
				ENABLE_STRICT_OBJC_MSGSEND = YES;
				ENABLE_USER_SCRIPT_SANDBOXING = YES;
				GCC_C_LANGUAGE_STANDARD = gnu17;
				GCC_NO_COMMON_BLOCKS = YES;
				GCC_WARN_64_TO_32_BIT_CONVERSION = YES;
				GCC_WARN_ABOUT_RETURN_TYPE = YES_ERROR;
				GCC_WARN_UNDECLARED_SELECTOR = YES;
				GCC_WARN_UNINITIALIZED_AUTOS = YES_AGGRESSIVE;
				GCC_WARN_UNUSED_FUNCTION = YES;
				GCC_WARN_UNUSED_VARIABLE = YES;
				IPHONEOS_DEPLOYMENT_TARGET = 17.5;
				LOCALIZATION_PREFERS_STRING_CATALOGS = YES;
				MTL_ENABLE_DEBUG_INFO = NO;
				MTL_FAST_MATH = YES;
				SDKROOT = iphoneos;
				SWIFT_COMPILATION_MODE = wholemodule;
				VALIDATE_PRODUCT = YES;
			};
			name = Release;
		};
		B6C656BC2C651C2E00E8413E /* Debug */ = {
			isa = XCBuildConfiguration;
			buildSettings = {
				ASSETCATALOG_COMPILER_APPICON_NAME = AppIcon;
				ASSETCATALOG_COMPILER_GLOBAL_ACCENT_COLOR_NAME = AccentColor;
				CODE_SIGN_STYLE = Automatic;
				CURRENT_PROJECT_VERSION = 1;
				DEVELOPMENT_ASSET_PATHS = "\"Fetch Challenge/Preview Content\"";
				ENABLE_PREVIEWS = YES;
				GENERATE_INFOPLIST_FILE = YES;
				INFOPLIST_KEY_UIApplicationSceneManifest_Generation = YES;
				INFOPLIST_KEY_UIApplicationSupportsIndirectInputEvents = YES;
				INFOPLIST_KEY_UILaunchScreen_Generation = YES;
				INFOPLIST_KEY_UISupportedInterfaceOrientations_iPad = "UIInterfaceOrientationPortrait UIInterfaceOrientationPortraitUpsideDown UIInterfaceOrientationLandscapeLeft UIInterfaceOrientationLandscapeRight";
				INFOPLIST_KEY_UISupportedInterfaceOrientations_iPhone = "UIInterfaceOrientationPortrait UIInterfaceOrientationLandscapeLeft UIInterfaceOrientationLandscapeRight";
				LD_RUNPATH_SEARCH_PATHS = (
					"$(inherited)",
					"@executable_path/Frameworks",
				);
				MARKETING_VERSION = 1.0;
				PRODUCT_BUNDLE_IDENTIFIER = "Amine-Slaoui.Fetch-Challenge";
				PRODUCT_NAME = "$(TARGET_NAME)";
				SWIFT_EMIT_LOC_STRINGS = YES;
				SWIFT_VERSION = 5.0;
				TARGETED_DEVICE_FAMILY = "1,2";
			};
			name = Debug;
		};
		B6C656BD2C651C2E00E8413E /* Release */ = {
			isa = XCBuildConfiguration;
			buildSettings = {
				ASSETCATALOG_COMPILER_APPICON_NAME = AppIcon;
				ASSETCATALOG_COMPILER_GLOBAL_ACCENT_COLOR_NAME = AccentColor;
				CODE_SIGN_STYLE = Automatic;
				CURRENT_PROJECT_VERSION = 1;
				DEVELOPMENT_ASSET_PATHS = "\"Fetch Challenge/Preview Content\"";
				ENABLE_PREVIEWS = YES;
				GENERATE_INFOPLIST_FILE = YES;
				INFOPLIST_KEY_UIApplicationSceneManifest_Generation = YES;
				INFOPLIST_KEY_UIApplicationSupportsIndirectInputEvents = YES;
				INFOPLIST_KEY_UILaunchScreen_Generation = YES;
				INFOPLIST_KEY_UISupportedInterfaceOrientations_iPad = "UIInterfaceOrientationPortrait UIInterfaceOrientationPortraitUpsideDown UIInterfaceOrientationLandscapeLeft UIInterfaceOrientationLandscapeRight";
				INFOPLIST_KEY_UISupportedInterfaceOrientations_iPhone = "UIInterfaceOrientationPortrait UIInterfaceOrientationLandscapeLeft UIInterfaceOrientationLandscapeRight";
				LD_RUNPATH_SEARCH_PATHS = (
					"$(inherited)",
					"@executable_path/Frameworks",
				);
				MARKETING_VERSION = 1.0;
				PRODUCT_BUNDLE_IDENTIFIER = "Amine-Slaoui.Fetch-Challenge";
				PRODUCT_NAME = "$(TARGET_NAME)";
				SWIFT_EMIT_LOC_STRINGS = YES;
				SWIFT_VERSION = 5.0;
				TARGETED_DEVICE_FAMILY = "1,2";
			};
			name = Release;
		};
		B6C656BF2C651C2E00E8413E /* Debug */ = {
			isa = XCBuildConfiguration;
			buildSettings = {
				ALWAYS_EMBED_SWIFT_STANDARD_LIBRARIES = YES;
				BUNDLE_LOADER = "$(TEST_HOST)";
				CODE_SIGN_STYLE = Automatic;
				CURRENT_PROJECT_VERSION = 1;
				GENERATE_INFOPLIST_FILE = YES;
				IPHONEOS_DEPLOYMENT_TARGET = 17.5;
				MARKETING_VERSION = 1.0;
				PRODUCT_BUNDLE_IDENTIFIER = "Amine-Slaoui.Fetch-ChallengeTests";
				PRODUCT_NAME = "$(TARGET_NAME)";
				SWIFT_EMIT_LOC_STRINGS = NO;
				SWIFT_VERSION = 5.0;
				TARGETED_DEVICE_FAMILY = "1,2";
				TEST_HOST = "$(BUILT_PRODUCTS_DIR)/Fetch Challenge.app/$(BUNDLE_EXECUTABLE_FOLDER_PATH)/Fetch Challenge";
			};
			name = Debug;
		};
		B6C656C02C651C2E00E8413E /* Release */ = {
			isa = XCBuildConfiguration;
			buildSettings = {
				ALWAYS_EMBED_SWIFT_STANDARD_LIBRARIES = YES;
				BUNDLE_LOADER = "$(TEST_HOST)";
				CODE_SIGN_STYLE = Automatic;
				CURRENT_PROJECT_VERSION = 1;
				GENERATE_INFOPLIST_FILE = YES;
				IPHONEOS_DEPLOYMENT_TARGET = 17.5;
				MARKETING_VERSION = 1.0;
				PRODUCT_BUNDLE_IDENTIFIER = "Amine-Slaoui.Fetch-ChallengeTests";
				PRODUCT_NAME = "$(TARGET_NAME)";
				SWIFT_EMIT_LOC_STRINGS = NO;
				SWIFT_VERSION = 5.0;
				TARGETED_DEVICE_FAMILY = "1,2";
				TEST_HOST = "$(BUILT_PRODUCTS_DIR)/Fetch Challenge.app/$(BUNDLE_EXECUTABLE_FOLDER_PATH)/Fetch Challenge";
			};
			name = Release;
		};
		B6C656C22C651C2E00E8413E /* Debug */ = {
			isa = XCBuildConfiguration;
			buildSettings = {
				ALWAYS_EMBED_SWIFT_STANDARD_LIBRARIES = YES;
				CODE_SIGN_STYLE = Automatic;
				CURRENT_PROJECT_VERSION = 1;
				GENERATE_INFOPLIST_FILE = YES;
				MARKETING_VERSION = 1.0;
				PRODUCT_BUNDLE_IDENTIFIER = "Amine-Slaoui.Fetch-ChallengeUITests";
				PRODUCT_NAME = "$(TARGET_NAME)";
				SWIFT_EMIT_LOC_STRINGS = NO;
				SWIFT_VERSION = 5.0;
				TARGETED_DEVICE_FAMILY = "1,2";
				TEST_TARGET_NAME = "Fetch Challenge";
			};
			name = Debug;
		};
		B6C656C32C651C2E00E8413E /* Release */ = {
			isa = XCBuildConfiguration;
			buildSettings = {
				ALWAYS_EMBED_SWIFT_STANDARD_LIBRARIES = YES;
				CODE_SIGN_STYLE = Automatic;
				CURRENT_PROJECT_VERSION = 1;
				GENERATE_INFOPLIST_FILE = YES;
				MARKETING_VERSION = 1.0;
				PRODUCT_BUNDLE_IDENTIFIER = "Amine-Slaoui.Fetch-ChallengeUITests";
				PRODUCT_NAME = "$(TARGET_NAME)";
				SWIFT_EMIT_LOC_STRINGS = NO;
				SWIFT_VERSION = 5.0;
				TARGETED_DEVICE_FAMILY = "1,2";
				TEST_TARGET_NAME = "Fetch Challenge";
			};
			name = Release;
		};
/* End XCBuildConfiguration section */

/* Begin XCConfigurationList section */
		B6C656922C651C2B00E8413E /* Build configuration list for PBXProject "FetchChallenge" */ = {
			isa = XCConfigurationList;
			buildConfigurations = (
				B6C656B92C651C2E00E8413E /* Debug */,
				B6C656BA2C651C2E00E8413E /* Release */,
			);
			defaultConfigurationIsVisible = 0;
			defaultConfigurationName = Release;
		};
		B6C656BB2C651C2E00E8413E /* Build configuration list for PBXNativeTarget "Fetch Challenge" */ = {
			isa = XCConfigurationList;
			buildConfigurations = (
				B6C656BC2C651C2E00E8413E /* Debug */,
				B6C656BD2C651C2E00E8413E /* Release */,
			);
			defaultConfigurationIsVisible = 0;
			defaultConfigurationName = Release;
		};
		B6C656BE2C651C2E00E8413E /* Build configuration list for PBXNativeTarget "Fetch ChallengeTests" */ = {
			isa = XCConfigurationList;
			buildConfigurations = (
				B6C656BF2C651C2E00E8413E /* Debug */,
				B6C656C02C651C2E00E8413E /* Release */,
			);
			defaultConfigurationIsVisible = 0;
			defaultConfigurationName = Release;
		};
		B6C656C12C651C2E00E8413E /* Build configuration list for PBXNativeTarget "Fetch ChallengeUITests" */ = {
			isa = XCConfigurationList;
			buildConfigurations = (
				B6C656C22C651C2E00E8413E /* Debug */,
				B6C656C32C651C2E00E8413E /* Release */,
			);
			defaultConfigurationIsVisible = 0;
			defaultConfigurationName = Release;
		};
/* End XCConfigurationList section */
	};
	rootObject = B6C6568F2C651C2B00E8413E /* Project object */;
}
